<?xml version="1.0" encoding="utf-8"?>
<Project ToolsVersion="4.0" xmlns="http://schemas.microsoft.com/developer/msbuild/2003">
  <ItemGroup>
    <Filter Include="Исходные файлы">
      <UniqueIdentifier>{4FC737F1-C7A5-4376-A066-2A32D752A2FF}</UniqueIdentifier>
      <Extensions>cpp;c;cc;cxx;def;odl;idl;hpj;bat;asm;asmx</Extensions>
    </Filter>
    <Filter Include="Файлы заголовков">
      <UniqueIdentifier>{93995380-89BD-4b04-88EB-625FBE52EBFB}</UniqueIdentifier>
      <Extensions>h;hh;hpp;hxx;hm;inl;inc;xsd</Extensions>
    </Filter>
    <Filter Include="Файлы ресурсов">
      <UniqueIdentifier>{67DA6AB6-F800-4c08-8B7A-83BB121AAD01}</UniqueIdentifier>
      <Extensions>rc;ico;cur;bmp;dlg;rc2;rct;bin;rgs;gif;jpg;jpeg;jpe;resx;tiff;tif;png;wav;mfcribbon-ms</Extensions>
    </Filter>
  </ItemGroup>
  <ItemGroup>
    <ClInclude Include="basis.h">
      <Filter>Файлы заголовков</Filter>
    </ClInclude>
    <ClInclude Include="grid.h">
      <Filter>Файлы заголовков</Filter>
    </ClInclude>
    <ClInclude Include="integration.h">
      <Filter>Файлы заголовков</Filter>
    </ClInclude>
    <ClInclude Include="matrix.h">
      <Filter>Файлы заголовков</Filter>
    </ClInclude>
    <ClInclude Include="slae.h">
      <Filter>Файлы заголовков</Filter>
    </ClInclude>
    <ClInclude Include="tests.h">
      <Filter>Файлы заголовков</Filter>
    </ClInclude>
  </ItemGroup>
  <ItemGroup>
    <ClCompile Include="grid.cpp">
      <Filter>Исходные файлы</Filter>
    </ClCompile>
    <ClCompile Include="basis.cpp">
      <Filter>Исходные файлы</Filter>
    </ClCompile>
    <ClCompile Include="integration.cpp">
      <Filter>Исходные файлы</Filter>
    </ClCompile>
    <ClCompile Include="main.cpp">
      <Filter>Исходные файлы</Filter>
    </ClCompile>
    <ClCompile Include="matrix.cpp">
      <Filter>Исходные файлы</Filter>
    </ClCompile>
    <ClCompile Include="slae.cpp">
      <Filter>Исходные файлы</Filter>
    </ClCompile>
    <ClCompile Include="tests.cpp">
      <Filter>Исходные файлы</Filter>
    </ClCompile>
  </ItemGroup>
  <ItemGroup>
    <Text Include="number_of_test.txt">
      <Filter>Файлы ресурсов</Filter>
    </Text>
    <Text Include="points.txt">
      <Filter>Файлы ресурсов</Filter>
    </Text>
  </ItemGroup>
  <ItemGroup>
    <None Include="inf2tr.dat">
      <Filter>Файлы ресурсов</Filter>
    </None>
    <None Include="l1.dat">
      <Filter>Файлы ресурсов</Filter>
    </None>
    <None Include="mu.001">
      <Filter>Файлы ресурсов</Filter>
    </None>
    <None Include="nvk1.dat">
      <Filter>Файлы ресурсов</Filter>
    </None>
    <None Include="nvk4.dat">
      <Filter>Файлы ресурсов</Filter>
    </None>
    <None Include="nvkat2d.dat">
      <Filter>Файлы ресурсов</Filter>
    </None>
    <None Include="nvr4.dat">
      <Filter>Файлы ресурсов</Filter>
    </None>
    <None Include="nvtr.dat">
      <Filter>Файлы ресурсов</Filter>
    </None>
    <None Include="rz.dat">
      <Filter>Файлы ресурсов</Filter>
    </None>
    <None Include="toku">
      <Filter>Файлы ресурсов</Filter>
    </None>
  </ItemGroup>
</Project>